{
  "name": "ca-app",
  "version": "1.0.0",
  "lockfileVersion": 1,
  "requires": true,
  "dependencies": {
    "uikit": {
      "version": "3.0.0-rc.2",
      "resolved": "https://registry.npmjs.org/uikit/-/uikit-3.0.0-rc.2.tgz",
      "integrity": "sha512-ixoO6Y3SCQYOoa0D1hFCckRaf/JUJPPtlhowuNl+pFTH4oWZ5v7Y7b1bCLOcLNJjtDcAGn8AxKmVvEPtjbpUoA=="
    }
  }
}
